
Microsoft Visual Studio Solution File, Format Version 12.00
# Visual Studio Version 17
VisualStudioVersion = 17.5.33414.496
MinimumVisualStudioVersion = 10.0.40219.1
Project("{FAE04EC0-301F-11D3-BF4B-00C04F79EFBC}") = "task5", "task5\task5.csproj", "{A0CB3035-E08F-4450-8A0F-3B230C720EFC}"
EndProject
Global
	GlobalSection(SolutionConfigurationPlatforms) = preSolution
		Debug|Any CPU = Debug|Any CPU
		Release|Any CPU = Release|Any CPU
	EndGlobalSection
	GlobalSection(ProjectConfigurationPlatforms) = postSolution
		{A0CB3035-E08F-4450-8A0F-3B230C720EFC}.Debug|Any CPU.ActiveCfg = Debug|Any CPU
		{A0CB3035-E08F-4450-8A0F-3B230C720EFC}.Debug|Any CPU.Build.0 = Debug|Any CPU
		{A0CB3035-E08F-4450-8A0F-3B230C720EFC}.Release|Any CPU.ActiveCfg = Release|Any CPU
		{A0CB3035-E08F-4450-8A0F-3B230C720EFC}.Release|Any CPU.Build.0 = Release|Any CPU
	EndGlobalSection
	GlobalSection(SolutionProperties) = preSolution
		HideSolutionNode = FALSE
	EndGlobalSection
	GlobalSection(ExtensibilityGlobals) = postSolution
		SolutionGuid = {EC57A507-33DD-4152-854D-BAD72A830178}
	EndGlobalSection
EndGlobal
