
Microsoft Visual Studio Solution File, Format Version 12.00
# Visual Studio Version 17
VisualStudioVersion = 17.5.33414.496
MinimumVisualStudioVersion = 10.0.40219.1
Project("{FAE04EC0-301F-11D3-BF4B-00C04F79EFBC}") = "ConsoleApp1", "ConsoleApp1\ConsoleApp1.csproj", "{895D5F44-482B-4262-95E2-6FBC9E7B6C50}"
EndProject
Global
	GlobalSection(SolutionConfigurationPlatforms) = preSolution
		Debug|Any CPU = Debug|Any CPU
		Release|Any CPU = Release|Any CPU
	EndGlobalSection
	GlobalSection(ProjectConfigurationPlatforms) = postSolution
		{895D5F44-482B-4262-95E2-6FBC9E7B6C50}.Debug|Any CPU.ActiveCfg = Debug|Any CPU
		{895D5F44-482B-4262-95E2-6FBC9E7B6C50}.Debug|Any CPU.Build.0 = Debug|Any CPU
		{895D5F44-482B-4262-95E2-6FBC9E7B6C50}.Release|Any CPU.ActiveCfg = Release|Any CPU
		{895D5F44-482B-4262-95E2-6FBC9E7B6C50}.Release|Any CPU.Build.0 = Release|Any CPU
	EndGlobalSection
	GlobalSection(SolutionProperties) = preSolution
		HideSolutionNode = FALSE
	EndGlobalSection
	GlobalSection(ExtensibilityGlobals) = postSolution
		SolutionGuid = {6541DF7D-2C98-4458-B8DE-A69CAB42496F}
	EndGlobalSection
EndGlobal
